// !$*UTF8*$!
{
	archiveVersion = 1;
	classes = {
	};
	objectVersion = 54;
	objects = {

/* Begin PBXBuildFile section */
		00E356F31AD99517003FC87E /* SafeZoneTests.m in Sources */ = {isa = PBXBuildFile; fileRef = 00E356F21AD99517003FC87E /* SafeZoneTests.m */; };
		13B07FBC1A68108700A75B9A /* AppDelegate.m in Sources */ = {isa = PBXBuildFile; fileRef = 13B07FB01A68108700A75B9A /* AppDelegate.m */; };
		13B07FBF1A68108700A75B9A /* Images.xcassets in Resources */ = {isa = PBXBuildFile; fileRef = 13B07FB51A68108700A75B9A /* Images.xcassets */; };
		13B07FC11A68108700A75B9A /* main.m in Sources */ = {isa = PBXBuildFile; fileRef = 13B07FB71A68108700A75B9A /* main.m */; };
		81AB9BB82411601600AC10FF /* LaunchScreen.storyboard in Resources */ = {isa = PBXBuildFile; fileRef = 81AB9BB72411601600AC10FF /* LaunchScreen.storyboard */; };
		5B232DD734334A5BB2B7FD95 /* Hind-Bold.ttf in Resources */ = {isa = PBXBuildFile; fileRef = DAAF00E4B92E45A38FB37E04 /* Hind-Bold.ttf */; };
		C013AD67AB7C45A3B34AE185 /* Hind-Regular.ttf in Resources */ = {isa = PBXBuildFile; fileRef = FD44A13CB69A43F487137DAC /* Hind-Regular.ttf */; };
		F42CB0288D0A47C0A188D499 /* Hind-SemiBold.ttf in Resources */ = {isa = PBXBuildFile; fileRef = 9E29D99F57734A138252EC97 /* Hind-SemiBold.ttf */; };
		973E2A7DCCE5441FA141AF5E /* Poppins-Black.ttf in Resources */ = {isa = PBXBuildFile; fileRef = 593818CDDC664096B753A42F /* Poppins-Black.ttf */; };
		4F3296B2158A457CB6C8C64B /* Poppins-BlackItalic.ttf in Resources */ = {isa = PBXBuildFile; fileRef = 0881503913E44FF3A624F8D1 /* Poppins-BlackItalic.ttf */; };
		D0134BF57A3A45259B15CCA2 /* Poppins-Bold.ttf in Resources */ = {isa = PBXBuildFile; fileRef = DAE6A2C5FC2841949800BB82 /* Poppins-Bold.ttf */; };
		B47DFCB63AA64C38B307B8D5 /* Poppins-BoldItalic.ttf in Resources */ = {isa = PBXBuildFile; fileRef = AB9E695BC6CF44CC929677D5 /* Poppins-BoldItalic.ttf */; };
		4DCD5FC912A44D268C607617 /* Poppins-ExtraBold.ttf in Resources */ = {isa = PBXBuildFile; fileRef = 27FC3606BE644DB8B2EA1621 /* Poppins-ExtraBold.ttf */; };
		23EE91B7688E4FDEAFAEABB6 /* Poppins-ExtraBoldItalic.ttf in Resources */ = {isa = PBXBuildFile; fileRef = 0A61547AB8F44ECF9369AD43 /* Poppins-ExtraBoldItalic.ttf */; };
		E70FCDCC7B554C3DBF93CD38 /* Poppins-ExtraLight.ttf in Resources */ = {isa = PBXBuildFile; fileRef = D9D54722DF104D4A90E3059D /* Poppins-ExtraLight.ttf */; };
		FDFF1D5870C84048A8A3EAFE /* Poppins-ExtraLightItalic.ttf in Resources */ = {isa = PBXBuildFile; fileRef = 7FA9D0F548DD4AFDAF65B87E /* Poppins-ExtraLightItalic.ttf */; };
		EC59B8DA36F04B1CBD930B2F /* Poppins-Italic.ttf in Resources */ = {isa = PBXBuildFile; fileRef = 0E4EBCBCF0EB423788E0A1F8 /* Poppins-Italic.ttf */; };
		EA6682DE2FDD456A961A1AE4 /* Poppins-Light.ttf in Resources */ = {isa = PBXBuildFile; fileRef = D89EBEB6CA774C87A0782874 /* Poppins-Light.ttf */; };
		8E787F6426DC4852875E45F7 /* Poppins-LightItalic.ttf in Resources */ = {isa = PBXBuildFile; fileRef = EB0F32ACDFBE4F46A474548B /* Poppins-LightItalic.ttf */; };
		494EAA1A901B456383987F2E /* Poppins-Medium.ttf in Resources */ = {isa = PBXBuildFile; fileRef = 3213852E16764AA9B547B36B /* Poppins-Medium.ttf */; };
		32F875C5899045E3BC550E92 /* Poppins-MediumItalic.ttf in Resources */ = {isa = PBXBuildFile; fileRef = 6983F651F0A447D3A694DCA5 /* Poppins-MediumItalic.ttf */; };
		3E8FCBA23C5943579662BBBC /* Poppins-Regular.ttf in Resources */ = {isa = PBXBuildFile; fileRef = 3CD1781A1F72416EACB07631 /* Poppins-Regular.ttf */; };
		33CEE0C9AABE4578A11DF14F /* Poppins-SemiBold.ttf in Resources */ = {isa = PBXBuildFile; fileRef = 04AC7B2F7F794B468C968F9F /* Poppins-SemiBold.ttf */; };
		C23DD41B86F242B9A81D5C3E /* Poppins-SemiBoldItalic.ttf in Resources */ = {isa = PBXBuildFile; fileRef = D28066445A864C27B900B128 /* Poppins-SemiBoldItalic.ttf */; };
		A12D52F3AE8545D3B1441206 /* Poppins-Thin.ttf in Resources */ = {isa = PBXBuildFile; fileRef = 8AA712A5D8A54B19941B5AAC /* Poppins-Thin.ttf */; };
		F7349D4F6A834037AE5CB596 /* Poppins-ThinItalic.ttf in Resources */ = {isa = PBXBuildFile; fileRef = 8E05F72A559C4ED79F9DBF81 /* Poppins-ThinItalic.ttf */; };
		B4204927E0D14E39B079AA4D /* SF-Pro-Text-Bold.otf in Resources */ = {isa = PBXBuildFile; fileRef = 8928F3BA4FC54E49A63E6E24 /* SF-Pro-Text-Bold.otf */; };
		02217F67B0944FD684205277 /* SF-Pro-Text-Heavy.otf in Resources */ = {isa = PBXBuildFile; fileRef = 685794FCE90146F587B2E5B6 /* SF-Pro-Text-Heavy.otf */; };
		56656B9EDADE48229E96416A /* SF-Pro-Text-Light.otf in Resources */ = {isa = PBXBuildFile; fileRef = 41CDC694565141FD82A8E9F1 /* SF-Pro-Text-Light.otf */; };
		615551F9892840B796DC7E76 /* SF-Pro-Text-Medium.otf in Resources */ = {isa = PBXBuildFile; fileRef = A7BBE98828A64FAC934ABB63 /* SF-Pro-Text-Medium.otf */; };
		AD6F050914FA433EAFA60DCB /* SF-Pro-Text-Regular.otf in Resources */ = {isa = PBXBuildFile; fileRef = C5EAE45C0D084F79A189AE90 /* SF-Pro-Text-Regular.otf */; };
		D44415459F924DFF9E3021FA /* SF-Pro-Text-Semibold.otf in Resources */ = {isa = PBXBuildFile; fileRef = 1C2D6C7A448E45BDBD9DE230 /* SF-Pro-Text-Semibold.otf */; };
		AC35DC429DE04A5CADD8C9AC /* SFProDisplay-Black_1.ttf in Resources */ = {isa = PBXBuildFile; fileRef = 5893623C841046878B5628B9 /* SFProDisplay-Black_1.ttf */; };
		04D63CBC02444753A4DEC445 /* SFProDisplay-Bold_1.ttf in Resources */ = {isa = PBXBuildFile; fileRef = 0029EEE047AA46A993AC8C80 /* SFProDisplay-Bold_1.ttf */; };
		16E881D6904847B681714B65 /* SFProDisplay-Heavy_1.ttf in Resources */ = {isa = PBXBuildFile; fileRef = 0745B96338B8483B94DDB01B /* SFProDisplay-Heavy_1.ttf */; };
		69FD5A50962D499994355A44 /* SFProDisplay-Light_1.ttf in Resources */ = {isa = PBXBuildFile; fileRef = 9210DFA5B3534CFA83AFADE7 /* SFProDisplay-Light_1.ttf */; };
		12EA073E597840279187197D /* SFProDisplay-Medium_1.ttf in Resources */ = {isa = PBXBuildFile; fileRef = CCDF1E2432B74073A50150EF /* SFProDisplay-Medium_1.ttf */; };
		E45342F2243E44EE9A433ED5 /* SFProDisplay-Regular_1.ttf in Resources */ = {isa = PBXBuildFile; fileRef = BDC2F13AA4404844AF1D073A /* SFProDisplay-Regular_1.ttf */; };
		0009DDE996B14030BA97BAF1 /* SFProDisplay-Semibold_3.ttf in Resources */ = {isa = PBXBuildFile; fileRef = 49DB2B12D0E64524B95BBBCF /* SFProDisplay-Semibold_3.ttf */; };
		694F734335414674967732C8 /* SFProDisplay-Thin_1.ttf in Resources */ = {isa = PBXBuildFile; fileRef = 27153987944248E1B2F00207 /* SFProDisplay-Thin_1.ttf */; };
		6BAA7C162F074698BAE1DB62 /* SFProDisplay-Ultralight_1.ttf in Resources */ = {isa = PBXBuildFile; fileRef = DA1046ABEA2C42CAAAD815A6 /* SFProDisplay-Ultralight_1.ttf */; };
		42AA7822F5934A1DB530B5E0 /* SourceSansPro-Black.ttf in Resources */ = {isa = PBXBuildFile; fileRef = 888B1BE7035D435DAE808A56 /* SourceSansPro-Black.ttf */; };
		46B286E3234148C0BD38D78C /* SourceSansPro-BlackItalic.ttf in Resources */ = {isa = PBXBuildFile; fileRef = F6FDB19FCEE24A50AE6815DE /* SourceSansPro-BlackItalic.ttf */; };
		1648B25CDDC741D8BBB9A692 /* SourceSansPro-Bold.ttf in Resources */ = {isa = PBXBuildFile; fileRef = 76163272FBCB4F67B3BB5190 /* SourceSansPro-Bold.ttf */; };
		F02DC4031ABC46D0BE18007A /* SourceSansPro-BoldItalic.ttf in Resources */ = {isa = PBXBuildFile; fileRef = 60AE314E00FF4E06BAF3A911 /* SourceSansPro-BoldItalic.ttf */; };
		539737F0DDC640469F47BF90 /* SourceSansPro-ExtraLight.ttf in Resources */ = {isa = PBXBuildFile; fileRef = E6A6931EAAAA46AC88E09FA7 /* SourceSansPro-ExtraLight.ttf */; };
		67946C2D96FD4B2692C2E745 /* SourceSansPro-ExtraLightItalic.ttf in Resources */ = {isa = PBXBuildFile; fileRef = 9A6855D1356E4797B0D37697 /* SourceSansPro-ExtraLightItalic.ttf */; };
		2060931FA7A845C092433A56 /* SourceSansPro-Italic.ttf in Resources */ = {isa = PBXBuildFile; fileRef = 885E8E68AA0F4C9496B18F9D /* SourceSansPro-Italic.ttf */; };
		004C6DB8DBEA4A06B29ADBAA /* SourceSansPro-Light.ttf in Resources */ = {isa = PBXBuildFile; fileRef = 2DDB3EC6CB304179881D4685 /* SourceSansPro-Light.ttf */; };
		B640E7C5F833419BB33048DF /* SourceSansPro-LightItalic.ttf in Resources */ = {isa = PBXBuildFile; fileRef = 88DFCB756ED840A1B89E1D49 /* SourceSansPro-LightItalic.ttf */; };
		C54F61F72C004E84AEEC73FF /* SourceSansPro-Regular.ttf in Resources */ = {isa = PBXBuildFile; fileRef = 3EBEF9832F084A9A812936C6 /* SourceSansPro-Regular.ttf */; };
		617A26E5C7D044F5B942AC10 /* SourceSansPro-SemiBold.ttf in Resources */ = {isa = PBXBuildFile; fileRef = 88821074F7E643E7A33BCE6C /* SourceSansPro-SemiBold.ttf */; };
		DCE50E1287BA48ECA44591B8 /* SourceSansPro-SemiBoldItalic.ttf in Resources */ = {isa = PBXBuildFile; fileRef = DCF38F89E7C54439AB64FC91 /* SourceSansPro-SemiBoldItalic.ttf */; };
/* End PBXBuildFile section */

/* Begin PBXContainerItemProxy section */
		00E356F41AD99517003FC87E /* PBXContainerItemProxy */ = {
			isa = PBXContainerItemProxy;
			containerPortal = 83CBB9F71A601CBA00E9B192 /* Project object */;
			proxyType = 1;
			remoteGlobalIDString = 13B07F861A680F5B00A75B9A;
			remoteInfo = SafeZone;
		};
/* End PBXContainerItemProxy section */

/* Begin PBXFileReference section */
		00E356EE1AD99517003FC87E /* SafeZoneTests.xctest */ = {isa = PBXFileReference; explicitFileType = wrapper.cfbundle; includeInIndex = 0; path = SafeZoneTests.xctest; sourceTree = BUILT_PRODUCTS_DIR; };
		00E356F11AD99517003FC87E /* Info.plist */ = {isa = PBXFileReference; lastKnownFileType = text.plist.xml; path = Info.plist; sourceTree = "<group>"; };
		00E356F21AD99517003FC87E /* SafeZoneTests.m */ = {isa = PBXFileReference; lastKnownFileType = sourcecode.c.objc; path = SafeZoneTests.m; sourceTree = "<group>"; };
		13B07F961A680F5B00A75B9A /* SafeZone.app */ = {isa = PBXFileReference; explicitFileType = wrapper.application; includeInIndex = 0; path = SafeZone.app; sourceTree = BUILT_PRODUCTS_DIR; };
		13B07FAF1A68108700A75B9A /* AppDelegate.h */ = {isa = PBXFileReference; fileEncoding = 4; lastKnownFileType = sourcecode.c.h; name = AppDelegate.h; path = SafeZone/AppDelegate.h; sourceTree = "<group>"; };
		13B07FB01A68108700A75B9A /* AppDelegate.m */ = {isa = PBXFileReference; fileEncoding = 4; lastKnownFileType = sourcecode.c.objc; name = AppDelegate.m; path = SafeZone/AppDelegate.m; sourceTree = "<group>"; };
		13B07FB51A68108700A75B9A /* Images.xcassets */ = {isa = PBXFileReference; lastKnownFileType = folder.assetcatalog; name = Images.xcassets; path = SafeZone/Images.xcassets; sourceTree = "<group>"; };
		13B07FB61A68108700A75B9A /* Info.plist */ = {isa = PBXFileReference; fileEncoding = 4; lastKnownFileType = text.plist.xml; name = Info.plist; path = SafeZone/Info.plist; sourceTree = "<group>"; };
		13B07FB71A68108700A75B9A /* main.m */ = {isa = PBXFileReference; fileEncoding = 4; lastKnownFileType = sourcecode.c.objc; name = main.m; path = SafeZone/main.m; sourceTree = "<group>"; };
		81AB9BB72411601600AC10FF /* LaunchScreen.storyboard */ = {isa = PBXFileReference; fileEncoding = 4; lastKnownFileType = file.storyboard; name = LaunchScreen.storyboard; path = SafeZone/LaunchScreen.storyboard; sourceTree = "<group>"; };
		ED297162215061F000B7C4FE /* JavaScriptCore.framework */ = {isa = PBXFileReference; lastKnownFileType = wrapper.framework; name = JavaScriptCore.framework; path = System/Library/Frameworks/JavaScriptCore.framework; sourceTree = SDKROOT; };
		DAAF00E4B92E45A38FB37E04 /* Hind-Bold.ttf */ = {isa = PBXFileReference; name = "Hind-Bold.ttf"; path = "../src/assets/fonts/Hind-Bold.ttf"; sourceTree = "<group>"; fileEncoding = undefined; lastKnownFileType = unknown; explicitFileType = undefined; includeInIndex = 0; };
		FD44A13CB69A43F487137DAC /* Hind-Regular.ttf */ = {isa = PBXFileReference; name = "Hind-Regular.ttf"; path = "../src/assets/fonts/Hind-Regular.ttf"; sourceTree = "<group>"; fileEncoding = undefined; lastKnownFileType = unknown; explicitFileType = undefined; includeInIndex = 0; };
		9E29D99F57734A138252EC97 /* Hind-SemiBold.ttf */ = {isa = PBXFileReference; name = "Hind-SemiBold.ttf"; path = "../src/assets/fonts/Hind-SemiBold.ttf"; sourceTree = "<group>"; fileEncoding = undefined; lastKnownFileType = unknown; explicitFileType = undefined; includeInIndex = 0; };
		593818CDDC664096B753A42F /* Poppins-Black.ttf */ = {isa = PBXFileReference; name = "Poppins-Black.ttf"; path = "../src/assets/fonts/Poppins-Black.ttf"; sourceTree = "<group>"; fileEncoding = undefined; lastKnownFileType = unknown; explicitFileType = undefined; includeInIndex = 0; };
		0881503913E44FF3A624F8D1 /* Poppins-BlackItalic.ttf */ = {isa = PBXFileReference; name = "Poppins-BlackItalic.ttf"; path = "../src/assets/fonts/Poppins-BlackItalic.ttf"; sourceTree = "<group>"; fileEncoding = undefined; lastKnownFileType = unknown; explicitFileType = undefined; includeInIndex = 0; };
		DAE6A2C5FC2841949800BB82 /* Poppins-Bold.ttf */ = {isa = PBXFileReference; name = "Poppins-Bold.ttf"; path = "../src/assets/fonts/Poppins-Bold.ttf"; sourceTree = "<group>"; fileEncoding = undefined; lastKnownFileType = unknown; explicitFileType = undefined; includeInIndex = 0; };
		AB9E695BC6CF44CC929677D5 /* Poppins-BoldItalic.ttf */ = {isa = PBXFileReference; name = "Poppins-BoldItalic.ttf"; path = "../src/assets/fonts/Poppins-BoldItalic.ttf"; sourceTree = "<group>"; fileEncoding = undefined; lastKnownFileType = unknown; explicitFileType = undefined; includeInIndex = 0; };
		27FC3606BE644DB8B2EA1621 /* Poppins-ExtraBold.ttf */ = {isa = PBXFileReference; name = "Poppins-ExtraBold.ttf"; path = "../src/assets/fonts/Poppins-ExtraBold.ttf"; sourceTree = "<group>"; fileEncoding = undefined; lastKnownFileType = unknown; explicitFileType = undefined; includeInIndex = 0; };
		0A61547AB8F44ECF9369AD43 /* Poppins-ExtraBoldItalic.ttf */ = {isa = PBXFileReference; name = "Poppins-ExtraBoldItalic.ttf"; path = "../src/assets/fonts/Poppins-ExtraBoldItalic.ttf"; sourceTree = "<group>"; fileEncoding = undefined; lastKnownFileType = unknown; explicitFileType = undefined; includeInIndex = 0; };
		D9D54722DF104D4A90E3059D /* Poppins-ExtraLight.ttf */ = {isa = PBXFileReference; name = "Poppins-ExtraLight.ttf"; path = "../src/assets/fonts/Poppins-ExtraLight.ttf"; sourceTree = "<group>"; fileEncoding = undefined; lastKnownFileType = unknown; explicitFileType = undefined; includeInIndex = 0; };
		7FA9D0F548DD4AFDAF65B87E /* Poppins-ExtraLightItalic.ttf */ = {isa = PBXFileReference; name = "Poppins-ExtraLightItalic.ttf"; path = "../src/assets/fonts/Poppins-ExtraLightItalic.ttf"; sourceTree = "<group>"; fileEncoding = undefined; lastKnownFileType = unknown; explicitFileType = undefined; includeInIndex = 0; };
		0E4EBCBCF0EB423788E0A1F8 /* Poppins-Italic.ttf */ = {isa = PBXFileReference; name = "Poppins-Italic.ttf"; path = "../src/assets/fonts/Poppins-Italic.ttf"; sourceTree = "<group>"; fileEncoding = undefined; lastKnownFileType = unknown; explicitFileType = undefined; includeInIndex = 0; };
		D89EBEB6CA774C87A0782874 /* Poppins-Light.ttf */ = {isa = PBXFileReference; name = "Poppins-Light.ttf"; path = "../src/assets/fonts/Poppins-Light.ttf"; sourceTree = "<group>"; fileEncoding = undefined; lastKnownFileType = unknown; explicitFileType = undefined; includeInIndex = 0; };
		EB0F32ACDFBE4F46A474548B /* Poppins-LightItalic.ttf */ = {isa = PBXFileReference; name = "Poppins-LightItalic.ttf"; path = "../src/assets/fonts/Poppins-LightItalic.ttf"; sourceTree = "<group>"; fileEncoding = undefined; lastKnownFileType = unknown; explicitFileType = undefined; includeInIndex = 0; };
		3213852E16764AA9B547B36B /* Poppins-Medium.ttf */ = {isa = PBXFileReference; name = "Poppins-Medium.ttf"; path = "../src/assets/fonts/Poppins-Medium.ttf"; sourceTree = "<group>"; fileEncoding = undefined; lastKnownFileType = unknown; explicitFileType = undefined; includeInIndex = 0; };
		6983F651F0A447D3A694DCA5 /* Poppins-MediumItalic.ttf */ = {isa = PBXFileReference; name = "Poppins-MediumItalic.ttf"; path = "../src/assets/fonts/Poppins-MediumItalic.ttf"; sourceTree = "<group>"; fileEncoding = undefined; lastKnownFileType = unknown; explicitFileType = undefined; includeInIndex = 0; };
		3CD1781A1F72416EACB07631 /* Poppins-Regular.ttf */ = {isa = PBXFileReference; name = "Poppins-Regular.ttf"; path = "../src/assets/fonts/Poppins-Regular.ttf"; sourceTree = "<group>"; fileEncoding = undefined; lastKnownFileType = unknown; explicitFileType = undefined; includeInIndex = 0; };
		04AC7B2F7F794B468C968F9F /* Poppins-SemiBold.ttf */ = {isa = PBXFileReference; name = "Poppins-SemiBold.ttf"; path = "../src/assets/fonts/Poppins-SemiBold.ttf"; sourceTree = "<group>"; fileEncoding = undefined; lastKnownFileType = unknown; explicitFileType = undefined; includeInIndex = 0; };
		D28066445A864C27B900B128 /* Poppins-SemiBoldItalic.ttf */ = {isa = PBXFileReference; name = "Poppins-SemiBoldItalic.ttf"; path = "../src/assets/fonts/Poppins-SemiBoldItalic.ttf"; sourceTree = "<group>"; fileEncoding = undefined; lastKnownFileType = unknown; explicitFileType = undefined; includeInIndex = 0; };
		8AA712A5D8A54B19941B5AAC /* Poppins-Thin.ttf */ = {isa = PBXFileReference; name = "Poppins-Thin.ttf"; path = "../src/assets/fonts/Poppins-Thin.ttf"; sourceTree = "<group>"; fileEncoding = undefined; lastKnownFileType = unknown; explicitFileType = undefined; includeInIndex = 0; };
		8E05F72A559C4ED79F9DBF81 /* Poppins-ThinItalic.ttf */ = {isa = PBXFileReference; name = "Poppins-ThinItalic.ttf"; path = "../src/assets/fonts/Poppins-ThinItalic.ttf"; sourceTree = "<group>"; fileEncoding = undefined; lastKnownFileType = unknown; explicitFileType = undefined; includeInIndex = 0; };
		8928F3BA4FC54E49A63E6E24 /* SF-Pro-Text-Bold.otf */ = {isa = PBXFileReference; name = "SF-Pro-Text-Bold.otf"; path = "../src/assets/fonts/SF-Pro-Text-Bold.otf"; sourceTree = "<group>"; fileEncoding = undefined; lastKnownFileType = unknown; explicitFileType = undefined; includeInIndex = 0; };
		685794FCE90146F587B2E5B6 /* SF-Pro-Text-Heavy.otf */ = {isa = PBXFileReference; name = "SF-Pro-Text-Heavy.otf"; path = "../src/assets/fonts/SF-Pro-Text-Heavy.otf"; sourceTree = "<group>"; fileEncoding = undefined; lastKnownFileType = unknown; explicitFileType = undefined; includeInIndex = 0; };
		41CDC694565141FD82A8E9F1 /* SF-Pro-Text-Light.otf */ = {isa = PBXFileReference; name = "SF-Pro-Text-Light.otf"; path = "../src/assets/fonts/SF-Pro-Text-Light.otf"; sourceTree = "<group>"; fileEncoding = undefined; lastKnownFileType = unknown; explicitFileType = undefined; includeInIndex = 0; };
		A7BBE98828A64FAC934ABB63 /* SF-Pro-Text-Medium.otf */ = {isa = PBXFileReference; name = "SF-Pro-Text-Medium.otf"; path = "../src/assets/fonts/SF-Pro-Text-Medium.otf"; sourceTree = "<group>"; fileEncoding = undefined; lastKnownFileType = unknown; explicitFileType = undefined; includeInIndex = 0; };
		C5EAE45C0D084F79A189AE90 /* SF-Pro-Text-Regular.otf */ = {isa = PBXFileReference; name = "SF-Pro-Text-Regular.otf"; path = "../src/assets/fonts/SF-Pro-Text-Regular.otf"; sourceTree = "<group>"; fileEncoding = undefined; lastKnownFileType = unknown; explicitFileType = undefined; includeInIndex = 0; };
		1C2D6C7A448E45BDBD9DE230 /* SF-Pro-Text-Semibold.otf */ = {isa = PBXFileReference; name = "SF-Pro-Text-Semibold.otf"; path = "../src/assets/fonts/SF-Pro-Text-Semibold.otf"; sourceTree = "<group>"; fileEncoding = undefined; lastKnownFileType = unknown; explicitFileType = undefined; includeInIndex = 0; };
		5893623C841046878B5628B9 /* SFProDisplay-Black_1.ttf */ = {isa = PBXFileReference; name = "SFProDisplay-Black_1.ttf"; path = "../src/assets/fonts/SFProDisplay-Black_1.ttf"; sourceTree = "<group>"; fileEncoding = undefined; lastKnownFileType = unknown; explicitFileType = undefined; includeInIndex = 0; };
		0029EEE047AA46A993AC8C80 /* SFProDisplay-Bold_1.ttf */ = {isa = PBXFileReference; name = "SFProDisplay-Bold_1.ttf"; path = "../src/assets/fonts/SFProDisplay-Bold_1.ttf"; sourceTree = "<group>"; fileEncoding = undefined; lastKnownFileType = unknown; explicitFileType = undefined; includeInIndex = 0; };
		0745B96338B8483B94DDB01B /* SFProDisplay-Heavy_1.ttf */ = {isa = PBXFileReference; name = "SFProDisplay-Heavy_1.ttf"; path = "../src/assets/fonts/SFProDisplay-Heavy_1.ttf"; sourceTree = "<group>"; fileEncoding = undefined; lastKnownFileType = unknown; explicitFileType = undefined; includeInIndex = 0; };
		9210DFA5B3534CFA83AFADE7 /* SFProDisplay-Light_1.ttf */ = {isa = PBXFileReference; name = "SFProDisplay-Light_1.ttf"; path = "../src/assets/fonts/SFProDisplay-Light_1.ttf"; sourceTree = "<group>"; fileEncoding = undefined; lastKnownFileType = unknown; explicitFileType = undefined; includeInIndex = 0; };
		CCDF1E2432B74073A50150EF /* SFProDisplay-Medium_1.ttf */ = {isa = PBXFileReference; name = "SFProDisplay-Medium_1.ttf"; path = "../src/assets/fonts/SFProDisplay-Medium_1.ttf"; sourceTree = "<group>"; fileEncoding = undefined; lastKnownFileType = unknown; explicitFileType = undefined; includeInIndex = 0; };
		BDC2F13AA4404844AF1D073A /* SFProDisplay-Regular_1.ttf */ = {isa = PBXFileReference; name = "SFProDisplay-Regular_1.ttf"; path = "../src/assets/fonts/SFProDisplay-Regular_1.ttf"; sourceTree = "<group>"; fileEncoding = undefined; lastKnownFileType = unknown; explicitFileType = undefined; includeInIndex = 0; };
		49DB2B12D0E64524B95BBBCF /* SFProDisplay-Semibold_3.ttf */ = {isa = PBXFileReference; name = "SFProDisplay-Semibold_3.ttf"; path = "../src/assets/fonts/SFProDisplay-Semibold_3.ttf"; sourceTree = "<group>"; fileEncoding = undefined; lastKnownFileType = unknown; explicitFileType = undefined; includeInIndex = 0; };
		27153987944248E1B2F00207 /* SFProDisplay-Thin_1.ttf */ = {isa = PBXFileReference; name = "SFProDisplay-Thin_1.ttf"; path = "../src/assets/fonts/SFProDisplay-Thin_1.ttf"; sourceTree = "<group>"; fileEncoding = undefined; lastKnownFileType = unknown; explicitFileType = undefined; includeInIndex = 0; };
		DA1046ABEA2C42CAAAD815A6 /* SFProDisplay-Ultralight_1.ttf */ = {isa = PBXFileReference; name = "SFProDisplay-Ultralight_1.ttf"; path = "../src/assets/fonts/SFProDisplay-Ultralight_1.ttf"; sourceTree = "<group>"; fileEncoding = undefined; lastKnownFileType = unknown; explicitFileType = undefined; includeInIndex = 0; };
		888B1BE7035D435DAE808A56 /* SourceSansPro-Black.ttf */ = {isa = PBXFileReference; name = "SourceSansPro-Black.ttf"; path = "../src/assets/fonts/SourceSansPro-Black.ttf"; sourceTree = "<group>"; fileEncoding = undefined; lastKnownFileType = unknown; explicitFileType = undefined; includeInIndex = 0; };
		F6FDB19FCEE24A50AE6815DE /* SourceSansPro-BlackItalic.ttf */ = {isa = PBXFileReference; name = "SourceSansPro-BlackItalic.ttf"; path = "../src/assets/fonts/SourceSansPro-BlackItalic.ttf"; sourceTree = "<group>"; fileEncoding = undefined; lastKnownFileType = unknown; explicitFileType = undefined; includeInIndex = 0; };
		76163272FBCB4F67B3BB5190 /* SourceSansPro-Bold.ttf */ = {isa = PBXFileReference; name = "SourceSansPro-Bold.ttf"; path = "../src/assets/fonts/SourceSansPro-Bold.ttf"; sourceTree = "<group>"; fileEncoding = undefined; lastKnownFileType = unknown; explicitFileType = undefined; includeInIndex = 0; };
		60AE314E00FF4E06BAF3A911 /* SourceSansPro-BoldItalic.ttf */ = {isa = PBXFileReference; name = "SourceSansPro-BoldItalic.ttf"; path = "../src/assets/fonts/SourceSansPro-BoldItalic.ttf"; sourceTree = "<group>"; fileEncoding = undefined; lastKnownFileType = unknown; explicitFileType = undefined; includeInIndex = 0; };
		E6A6931EAAAA46AC88E09FA7 /* SourceSansPro-ExtraLight.ttf */ = {isa = PBXFileReference; name = "SourceSansPro-ExtraLight.ttf"; path = "../src/assets/fonts/SourceSansPro-ExtraLight.ttf"; sourceTree = "<group>"; fileEncoding = undefined; lastKnownFileType = unknown; explicitFileType = undefined; includeInIndex = 0; };
		9A6855D1356E4797B0D37697 /* SourceSansPro-ExtraLightItalic.ttf */ = {isa = PBXFileReference; name = "SourceSansPro-ExtraLightItalic.ttf"; path = "../src/assets/fonts/SourceSansPro-ExtraLightItalic.ttf"; sourceTree = "<group>"; fileEncoding = undefined; lastKnownFileType = unknown; explicitFileType = undefined; includeInIndex = 0; };
		885E8E68AA0F4C9496B18F9D /* SourceSansPro-Italic.ttf */ = {isa = PBXFileReference; name = "SourceSansPro-Italic.ttf"; path = "../src/assets/fonts/SourceSansPro-Italic.ttf"; sourceTree = "<group>"; fileEncoding = undefined; lastKnownFileType = unknown; explicitFileType = undefined; includeInIndex = 0; };
		2DDB3EC6CB304179881D4685 /* SourceSansPro-Light.ttf */ = {isa = PBXFileReference; name = "SourceSansPro-Light.ttf"; path = "../src/assets/fonts/SourceSansPro-Light.ttf"; sourceTree = "<group>"; fileEncoding = undefined; lastKnownFileType = unknown; explicitFileType = undefined; includeInIndex = 0; };
		88DFCB756ED840A1B89E1D49 /* SourceSansPro-LightItalic.ttf */ = {isa = PBXFileReference; name = "SourceSansPro-LightItalic.ttf"; path = "../src/assets/fonts/SourceSansPro-LightItalic.ttf"; sourceTree = "<group>"; fileEncoding = undefined; lastKnownFileType = unknown; explicitFileType = undefined; includeInIndex = 0; };
		3EBEF9832F084A9A812936C6 /* SourceSansPro-Regular.ttf */ = {isa = PBXFileReference; name = "SourceSansPro-Regular.ttf"; path = "../src/assets/fonts/SourceSansPro-Regular.ttf"; sourceTree = "<group>"; fileEncoding = undefined; lastKnownFileType = unknown; explicitFileType = undefined; includeInIndex = 0; };
		88821074F7E643E7A33BCE6C /* SourceSansPro-SemiBold.ttf */ = {isa = PBXFileReference; name = "SourceSansPro-SemiBold.ttf"; path = "../src/assets/fonts/SourceSansPro-SemiBold.ttf"; sourceTree = "<group>"; fileEncoding = undefined; lastKnownFileType = unknown; explicitFileType = undefined; includeInIndex = 0; };
		DCF38F89E7C54439AB64FC91 /* SourceSansPro-SemiBoldItalic.ttf */ = {isa = PBXFileReference; name = "SourceSansPro-SemiBoldItalic.ttf"; path = "../src/assets/fonts/SourceSansPro-SemiBoldItalic.ttf"; sourceTree = "<group>"; fileEncoding = undefined; lastKnownFileType = unknown; explicitFileType = undefined; includeInIndex = 0; };
/* End PBXFileReference section */

/* Begin PBXFrameworksBuildPhase section */
		00E356EB1AD99517003FC87E /* Frameworks */ = {
			isa = PBXFrameworksBuildPhase;
			buildActionMask = 2147483647;
			files = (
			);
			runOnlyForDeploymentPostprocessing = 0;
		};
		13B07F8C1A680F5B00A75B9A /* Frameworks */ = {
			isa = PBXFrameworksBuildPhase;
			buildActionMask = 2147483647;
			files = (
			);
			runOnlyForDeploymentPostprocessing = 0;
		};
/* End PBXFrameworksBuildPhase section */

/* Begin PBXGroup section */
		00E356EF1AD99517003FC87E /* SafeZoneTests */ = {
			isa = PBXGroup;
			children = (
				00E356F21AD99517003FC87E /* SafeZoneTests.m */,
				00E356F01AD99517003FC87E /* Supporting Files */,
			);
			path = SafeZoneTests;
			sourceTree = "<group>";
		};
		00E356F01AD99517003FC87E /* Supporting Files */ = {
			isa = PBXGroup;
			children = (
				00E356F11AD99517003FC87E /* Info.plist */,
			);
			name = "Supporting Files";
			sourceTree = "<group>";
		};
		13B07FAE1A68108700A75B9A /* SafeZone */ = {
			isa = PBXGroup;
			children = (
				13B07FAF1A68108700A75B9A /* AppDelegate.h */,
				13B07FB01A68108700A75B9A /* AppDelegate.m */,
				13B07FB51A68108700A75B9A /* Images.xcassets */,
				13B07FB61A68108700A75B9A /* Info.plist */,
				81AB9BB72411601600AC10FF /* LaunchScreen.storyboard */,
				13B07FB71A68108700A75B9A /* main.m */,
			);
			name = SafeZone;
			sourceTree = "<group>";
		};
		2D16E6871FA4F8E400B85C8A /* Frameworks */ = {
			isa = PBXGroup;
			children = (
				ED297162215061F000B7C4FE /* JavaScriptCore.framework */,
			);
			name = Frameworks;
			sourceTree = "<group>";
		};
		832341AE1AAA6A7D00B99B32 /* Libraries */ = {
			isa = PBXGroup;
			children = (
			);
			name = Libraries;
			sourceTree = "<group>";
		};
		83CBB9F61A601CBA00E9B192 = {
			isa = PBXGroup;
			children = (
				13B07FAE1A68108700A75B9A /* SafeZone */,
				832341AE1AAA6A7D00B99B32 /* Libraries */,
				00E356EF1AD99517003FC87E /* SafeZoneTests */,
				83CBBA001A601CBA00E9B192 /* Products */,
				2D16E6871FA4F8E400B85C8A /* Frameworks */,
				79EC3BCAA7E942389E995F0A /* Resources */,
			);
			indentWidth = 2;
			sourceTree = "<group>";
			tabWidth = 2;
			usesTabs = 0;
		};
		83CBBA001A601CBA00E9B192 /* Products */ = {
			isa = PBXGroup;
			children = (
				13B07F961A680F5B00A75B9A /* SafeZone.app */,
				00E356EE1AD99517003FC87E /* SafeZoneTests.xctest */,
			);
			name = Products;
			sourceTree = "<group>";
		};
		79EC3BCAA7E942389E995F0A /* Resources */ = {
			isa = "PBXGroup";
			children = (
				DAAF00E4B92E45A38FB37E04 /* Hind-Bold.ttf */,
				FD44A13CB69A43F487137DAC /* Hind-Regular.ttf */,
				9E29D99F57734A138252EC97 /* Hind-SemiBold.ttf */,
				593818CDDC664096B753A42F /* Poppins-Black.ttf */,
				0881503913E44FF3A624F8D1 /* Poppins-BlackItalic.ttf */,
				DAE6A2C5FC2841949800BB82 /* Poppins-Bold.ttf */,
				AB9E695BC6CF44CC929677D5 /* Poppins-BoldItalic.ttf */,
				27FC3606BE644DB8B2EA1621 /* Poppins-ExtraBold.ttf */,
				0A61547AB8F44ECF9369AD43 /* Poppins-ExtraBoldItalic.ttf */,
				D9D54722DF104D4A90E3059D /* Poppins-ExtraLight.ttf */,
				7FA9D0F548DD4AFDAF65B87E /* Poppins-ExtraLightItalic.ttf */,
				0E4EBCBCF0EB423788E0A1F8 /* Poppins-Italic.ttf */,
				D89EBEB6CA774C87A0782874 /* Poppins-Light.ttf */,
				EB0F32ACDFBE4F46A474548B /* Poppins-LightItalic.ttf */,
				3213852E16764AA9B547B36B /* Poppins-Medium.ttf */,
				6983F651F0A447D3A694DCA5 /* Poppins-MediumItalic.ttf */,
				3CD1781A1F72416EACB07631 /* Poppins-Regular.ttf */,
				04AC7B2F7F794B468C968F9F /* Poppins-SemiBold.ttf */,
				D28066445A864C27B900B128 /* Poppins-SemiBoldItalic.ttf */,
				8AA712A5D8A54B19941B5AAC /* Poppins-Thin.ttf */,
				8E05F72A559C4ED79F9DBF81 /* Poppins-ThinItalic.ttf */,
				8928F3BA4FC54E49A63E6E24 /* SF-Pro-Text-Bold.otf */,
				685794FCE90146F587B2E5B6 /* SF-Pro-Text-Heavy.otf */,
				41CDC694565141FD82A8E9F1 /* SF-Pro-Text-Light.otf */,
				A7BBE98828A64FAC934ABB63 /* SF-Pro-Text-Medium.otf */,
				C5EAE45C0D084F79A189AE90 /* SF-Pro-Text-Regular.otf */,
				1C2D6C7A448E45BDBD9DE230 /* SF-Pro-Text-Semibold.otf */,
				5893623C841046878B5628B9 /* SFProDisplay-Black_1.ttf */,
				0029EEE047AA46A993AC8C80 /* SFProDisplay-Bold_1.ttf */,
				0745B96338B8483B94DDB01B /* SFProDisplay-Heavy_1.ttf */,
				9210DFA5B3534CFA83AFADE7 /* SFProDisplay-Light_1.ttf */,
				CCDF1E2432B74073A50150EF /* SFProDisplay-Medium_1.ttf */,
				BDC2F13AA4404844AF1D073A /* SFProDisplay-Regular_1.ttf */,
				49DB2B12D0E64524B95BBBCF /* SFProDisplay-Semibold_3.ttf */,
				27153987944248E1B2F00207 /* SFProDisplay-Thin_1.ttf */,
				DA1046ABEA2C42CAAAD815A6 /* SFProDisplay-Ultralight_1.ttf */,
				888B1BE7035D435DAE808A56 /* SourceSansPro-Black.ttf */,
				F6FDB19FCEE24A50AE6815DE /* SourceSansPro-BlackItalic.ttf */,
				76163272FBCB4F67B3BB5190 /* SourceSansPro-Bold.ttf */,
				60AE314E00FF4E06BAF3A911 /* SourceSansPro-BoldItalic.ttf */,
				E6A6931EAAAA46AC88E09FA7 /* SourceSansPro-ExtraLight.ttf */,
				9A6855D1356E4797B0D37697 /* SourceSansPro-ExtraLightItalic.ttf */,
				885E8E68AA0F4C9496B18F9D /* SourceSansPro-Italic.ttf */,
				2DDB3EC6CB304179881D4685 /* SourceSansPro-Light.ttf */,
				88DFCB756ED840A1B89E1D49 /* SourceSansPro-LightItalic.ttf */,
				3EBEF9832F084A9A812936C6 /* SourceSansPro-Regular.ttf */,
				88821074F7E643E7A33BCE6C /* SourceSansPro-SemiBold.ttf */,
				DCF38F89E7C54439AB64FC91 /* SourceSansPro-SemiBoldItalic.ttf */,
			);
			name = Resources;
			sourceTree = "<group>";
			path = "";
		};
/* End PBXGroup section */

/* Begin PBXNativeTarget section */
		00E356ED1AD99517003FC87E /* SafeZoneTests */ = {
			isa = PBXNativeTarget;
			buildConfigurationList = 00E357021AD99517003FC87E /* Build configuration list for PBXNativeTarget "SafeZoneTests" */;
			buildPhases = (
				00E356EA1AD99517003FC87E /* Sources */,
				00E356EB1AD99517003FC87E /* Frameworks */,
				00E356EC1AD99517003FC87E /* Resources */,
			);
			buildRules = (
			);
			dependencies = (
				00E356F51AD99517003FC87E /* PBXTargetDependency */,
			);
			name = SafeZoneTests;
			productName = SafeZoneTests;
			productReference = 00E356EE1AD99517003FC87E /* SafeZoneTests.xctest */;
			productType = "com.apple.product-type.bundle.unit-test";
		};
		13B07F861A680F5B00A75B9A /* SafeZone */ = {
			isa = PBXNativeTarget;
			buildConfigurationList = 13B07F931A680F5B00A75B9A /* Build configuration list for PBXNativeTarget "SafeZone" */;
			buildPhases = (
				FD10A7F022414F080027D42C /* Start Packager */,
				13B07F871A680F5B00A75B9A /* Sources */,
				13B07F8C1A680F5B00A75B9A /* Frameworks */,
				13B07F8E1A680F5B00A75B9A /* Resources */,
				00DD1BFF1BD5951E006B06BC /* Bundle React Native code and images */,
			);
			buildRules = (
			);
			dependencies = (
			);
			name = SafeZone;
			productName = SafeZone;
			productReference = 13B07F961A680F5B00A75B9A /* SafeZone.app */;
			productType = "com.apple.product-type.application";
		};
/* End PBXNativeTarget section */

/* Begin PBXProject section */
		83CBB9F71A601CBA00E9B192 /* Project object */ = {
			isa = PBXProject;
			attributes = {
				LastUpgradeCheck = 1210;
				TargetAttributes = {
					00E356ED1AD99517003FC87E = {
						CreatedOnToolsVersion = 6.2;
						TestTargetID = 13B07F861A680F5B00A75B9A;
					};
					13B07F861A680F5B00A75B9A = {
						LastSwiftMigration = 1120;
					};
				};
			};
			buildConfigurationList = 83CBB9FA1A601CBA00E9B192 /* Build configuration list for PBXProject "SafeZone" */;
			compatibilityVersion = "Xcode 12.0";
			developmentRegion = en;
			hasScannedForEncodings = 0;
			knownRegions = (
				en,
				Base,
			);
			mainGroup = 83CBB9F61A601CBA00E9B192;
			productRefGroup = 83CBBA001A601CBA00E9B192 /* Products */;
			projectDirPath = "";
			projectRoot = "";
			targets = (
				13B07F861A680F5B00A75B9A /* SafeZone */,
				00E356ED1AD99517003FC87E /* SafeZoneTests */,
			);
		};
/* End PBXProject section */

/* Begin PBXResourcesBuildPhase section */
		00E356EC1AD99517003FC87E /* Resources */ = {
			isa = PBXResourcesBuildPhase;
			buildActionMask = 2147483647;
			files = (
			);
			runOnlyForDeploymentPostprocessing = 0;
		};
		13B07F8E1A680F5B00A75B9A /* Resources */ = {
			isa = PBXResourcesBuildPhase;
			buildActionMask = 2147483647;
			files = (
				81AB9BB82411601600AC10FF /* LaunchScreen.storyboard in Resources */,
				13B07FBF1A68108700A75B9A /* Images.xcassets in Resources */,
				5B232DD734334A5BB2B7FD95 /* Hind-Bold.ttf in Resources */,
				C013AD67AB7C45A3B34AE185 /* Hind-Regular.ttf in Resources */,
				F42CB0288D0A47C0A188D499 /* Hind-SemiBold.ttf in Resources */,
				973E2A7DCCE5441FA141AF5E /* Poppins-Black.ttf in Resources */,
				4F3296B2158A457CB6C8C64B /* Poppins-BlackItalic.ttf in Resources */,
				D0134BF57A3A45259B15CCA2 /* Poppins-Bold.ttf in Resources */,
				B47DFCB63AA64C38B307B8D5 /* Poppins-BoldItalic.ttf in Resources */,
				4DCD5FC912A44D268C607617 /* Poppins-ExtraBold.ttf in Resources */,
				23EE91B7688E4FDEAFAEABB6 /* Poppins-ExtraBoldItalic.ttf in Resources */,
				E70FCDCC7B554C3DBF93CD38 /* Poppins-ExtraLight.ttf in Resources */,
				FDFF1D5870C84048A8A3EAFE /* Poppins-ExtraLightItalic.ttf in Resources */,
				EC59B8DA36F04B1CBD930B2F /* Poppins-Italic.ttf in Resources */,
				EA6682DE2FDD456A961A1AE4 /* Poppins-Light.ttf in Resources */,
				8E787F6426DC4852875E45F7 /* Poppins-LightItalic.ttf in Resources */,
				494EAA1A901B456383987F2E /* Poppins-Medium.ttf in Resources */,
				32F875C5899045E3BC550E92 /* Poppins-MediumItalic.ttf in Resources */,
				3E8FCBA23C5943579662BBBC /* Poppins-Regular.ttf in Resources */,
				33CEE0C9AABE4578A11DF14F /* Poppins-SemiBold.ttf in Resources */,
				C23DD41B86F242B9A81D5C3E /* Poppins-SemiBoldItalic.ttf in Resources */,
				A12D52F3AE8545D3B1441206 /* Poppins-Thin.ttf in Resources */,
				F7349D4F6A834037AE5CB596 /* Poppins-ThinItalic.ttf in Resources */,
				B4204927E0D14E39B079AA4D /* SF-Pro-Text-Bold.otf in Resources */,
				02217F67B0944FD684205277 /* SF-Pro-Text-Heavy.otf in Resources */,
				56656B9EDADE48229E96416A /* SF-Pro-Text-Light.otf in Resources */,
				615551F9892840B796DC7E76 /* SF-Pro-Text-Medium.otf in Resources */,
				AD6F050914FA433EAFA60DCB /* SF-Pro-Text-Regular.otf in Resources */,
				D44415459F924DFF9E3021FA /* SF-Pro-Text-Semibold.otf in Resources */,
				AC35DC429DE04A5CADD8C9AC /* SFProDisplay-Black_1.ttf in Resources */,
				04D63CBC02444753A4DEC445 /* SFProDisplay-Bold_1.ttf in Resources */,
				16E881D6904847B681714B65 /* SFProDisplay-Heavy_1.ttf in Resources */,
				69FD5A50962D499994355A44 /* SFProDisplay-Light_1.ttf in Resources */,
				12EA073E597840279187197D /* SFProDisplay-Medium_1.ttf in Resources */,
				E45342F2243E44EE9A433ED5 /* SFProDisplay-Regular_1.ttf in Resources */,
				0009DDE996B14030BA97BAF1 /* SFProDisplay-Semibold_3.ttf in Resources */,
				694F734335414674967732C8 /* SFProDisplay-Thin_1.ttf in Resources */,
				6BAA7C162F074698BAE1DB62 /* SFProDisplay-Ultralight_1.ttf in Resources */,
				42AA7822F5934A1DB530B5E0 /* SourceSansPro-Black.ttf in Resources */,
				46B286E3234148C0BD38D78C /* SourceSansPro-BlackItalic.ttf in Resources */,
				1648B25CDDC741D8BBB9A692 /* SourceSansPro-Bold.ttf in Resources */,
				F02DC4031ABC46D0BE18007A /* SourceSansPro-BoldItalic.ttf in Resources */,
				539737F0DDC640469F47BF90 /* SourceSansPro-ExtraLight.ttf in Resources */,
				67946C2D96FD4B2692C2E745 /* SourceSansPro-ExtraLightItalic.ttf in Resources */,
				2060931FA7A845C092433A56 /* SourceSansPro-Italic.ttf in Resources */,
				004C6DB8DBEA4A06B29ADBAA /* SourceSansPro-Light.ttf in Resources */,
				B640E7C5F833419BB33048DF /* SourceSansPro-LightItalic.ttf in Resources */,
				C54F61F72C004E84AEEC73FF /* SourceSansPro-Regular.ttf in Resources */,
				617A26E5C7D044F5B942AC10 /* SourceSansPro-SemiBold.ttf in Resources */,
				DCE50E1287BA48ECA44591B8 /* SourceSansPro-SemiBoldItalic.ttf in Resources */,
			);
			runOnlyForDeploymentPostprocessing = 0;
		};
/* End PBXResourcesBuildPhase section */

/* Begin PBXShellScriptBuildPhase section */
		00DD1BFF1BD5951E006B06BC /* Bundle React Native code and images */ = {
			isa = PBXShellScriptBuildPhase;
			buildActionMask = 2147483647;
			files = (
			);
			inputPaths = (
			);
			name = "Bundle React Native code and images";
			outputPaths = (
			);
			runOnlyForDeploymentPostprocessing = 0;
			shellPath = /bin/sh;
			shellScript = "set -e\n\nexport NODE_BINARY=node\n../node_modules/react-native/scripts/react-native-xcode.sh\n";
		};
		FD10A7F022414F080027D42C /* Start Packager */ = {
			isa = PBXShellScriptBuildPhase;
			buildActionMask = 2147483647;
			files = (
			);
			inputFileListPaths = (
			);
			inputPaths = (
			);
			name = "Start Packager";
			outputFileListPaths = (
			);
			outputPaths = (
			);
			runOnlyForDeploymentPostprocessing = 0;
			shellPath = /bin/sh;
			shellScript = "export RCT_METRO_PORT=\"${RCT_METRO_PORT:=8081}\"\necho \"export RCT_METRO_PORT=${RCT_METRO_PORT}\" > \"${SRCROOT}/../node_modules/react-native/scripts/.packager.env\"\nif [ -z \"${RCT_NO_LAUNCH_PACKAGER+xxx}\" ] ; then\n  if nc -w 5 -z localhost ${RCT_METRO_PORT} ; then\n    if ! curl -s \"http://localhost:${RCT_METRO_PORT}/status\" | grep -q \"packager-status:running\" ; then\n      echo \"Port ${RCT_METRO_PORT} already in use, packager is either not running or not running correctly\"\n      exit 2\n    fi\n  else\n    open \"$SRCROOT/../node_modules/react-native/scripts/launchPackager.command\" || echo \"Can't start packager automatically\"\n  fi\nfi\n";
			showEnvVarsInLog = 0;
		};
/* End PBXShellScriptBuildPhase section */

/* Begin PBXSourcesBuildPhase section */
		00E356EA1AD99517003FC87E /* Sources */ = {
			isa = PBXSourcesBuildPhase;
			buildActionMask = 2147483647;
			files = (
				00E356F31AD99517003FC87E /* SafeZoneTests.m in Sources */,
			);
			runOnlyForDeploymentPostprocessing = 0;
		};
		13B07F871A680F5B00A75B9A /* Sources */ = {
			isa = PBXSourcesBuildPhase;
			buildActionMask = 2147483647;
			files = (
				13B07FBC1A68108700A75B9A /* AppDelegate.m in Sources */,
				13B07FC11A68108700A75B9A /* main.m in Sources */,
			);
			runOnlyForDeploymentPostprocessing = 0;
		};
/* End PBXSourcesBuildPhase section */

/* Begin PBXTargetDependency section */
		00E356F51AD99517003FC87E /* PBXTargetDependency */ = {
			isa = PBXTargetDependency;
			target = 13B07F861A680F5B00A75B9A /* SafeZone */;
			targetProxy = 00E356F41AD99517003FC87E /* PBXContainerItemProxy */;
		};
/* End PBXTargetDependency section */

/* Begin XCBuildConfiguration section */
		00E356F61AD99517003FC87E /* Debug */ = {
			isa = XCBuildConfiguration;
			buildSettings = {
				BUNDLE_LOADER = "$(TEST_HOST)";
				GCC_PREPROCESSOR_DEFINITIONS = (
					"DEBUG=1",
					"$(inherited)",
				);
				INFOPLIST_FILE = SafeZoneTests/Info.plist;
				IPHONEOS_DEPLOYMENT_TARGET = 11.0;
				LD_RUNPATH_SEARCH_PATHS = (
					"$(inherited)",
					"@executable_path/Frameworks",
					"@loader_path/Frameworks",
				);
				OTHER_LDFLAGS = (
					"-ObjC",
					"-lc++",
					"$(inherited)",
				);
				PRODUCT_BUNDLE_IDENTIFIER = "org.reactjs.native.example.$(PRODUCT_NAME:rfc1034identifier)";
				PRODUCT_NAME = "$(TARGET_NAME)";
				TEST_HOST = "$(BUILT_PRODUCTS_DIR)/SafeZone.app/SafeZone";
			};
			name = Debug;
		};
		00E356F71AD99517003FC87E /* Release */ = {
			isa = XCBuildConfiguration;
			buildSettings = {
				BUNDLE_LOADER = "$(TEST_HOST)";
				COPY_PHASE_STRIP = NO;
				INFOPLIST_FILE = SafeZoneTests/Info.plist;
				IPHONEOS_DEPLOYMENT_TARGET = 11.0;
				LD_RUNPATH_SEARCH_PATHS = (
					"$(inherited)",
					"@executable_path/Frameworks",
					"@loader_path/Frameworks",
				);
				OTHER_LDFLAGS = (
					"-ObjC",
					"-lc++",
					"$(inherited)",
				);
				PRODUCT_BUNDLE_IDENTIFIER = "org.reactjs.native.example.$(PRODUCT_NAME:rfc1034identifier)";
				PRODUCT_NAME = "$(TARGET_NAME)";
				TEST_HOST = "$(BUILT_PRODUCTS_DIR)/SafeZone.app/SafeZone";
			};
			name = Release;
		};
		13B07F941A680F5B00A75B9A /* Debug */ = {
			isa = XCBuildConfiguration;
			buildSettings = {
				ASSETCATALOG_COMPILER_APPICON_NAME = AppIcon;
				CLANG_ENABLE_MODULES = YES;
				CURRENT_PROJECT_VERSION = 1;
				ENABLE_BITCODE = NO;
				INFOPLIST_FILE = SafeZone/Info.plist;
				LD_RUNPATH_SEARCH_PATHS = (
					"$(inherited)",
					"@executable_path/Frameworks",
				);
				OTHER_LDFLAGS = (
					"$(inherited)",
					"-ObjC",
					"-lc++",
				);
				PRODUCT_BUNDLE_IDENTIFIER = "org.reactjs.native.example.$(PRODUCT_NAME:rfc1034identifier)";
				PRODUCT_NAME = SafeZone;
				SWIFT_OPTIMIZATION_LEVEL = "-Onone";
				SWIFT_VERSION = 5.0;
				VERSIONING_SYSTEM = "apple-generic";
			};
			name = Debug;
		};
		13B07F951A680F5B00A75B9A /* Release */ = {
			isa = XCBuildConfiguration;
			buildSettings = {
				ASSETCATALOG_COMPILER_APPICON_NAME = AppIcon;
				CLANG_ENABLE_MODULES = YES;
				CURRENT_PROJECT_VERSION = 1;
				INFOPLIST_FILE = SafeZone/Info.plist;
				LD_RUNPATH_SEARCH_PATHS = (
					"$(inherited)",
					"@executable_path/Frameworks",
				);
				OTHER_LDFLAGS = (
					"$(inherited)",
					"-ObjC",
					"-lc++",
				);
				PRODUCT_BUNDLE_IDENTIFIER = "org.reactjs.native.example.$(PRODUCT_NAME:rfc1034identifier)";
				PRODUCT_NAME = SafeZone;
				SWIFT_VERSION = 5.0;
				VERSIONING_SYSTEM = "apple-generic";
			};
			name = Release;
		};
		83CBBA201A601CBA00E9B192 /* Debug */ = {
			isa = XCBuildConfiguration;
			buildSettings = {
				ALWAYS_SEARCH_USER_PATHS = NO;
				CLANG_ANALYZER_LOCALIZABILITY_NONLOCALIZED = YES;
				CLANG_CXX_LANGUAGE_STANDARD = "gnu++0x";
				CLANG_CXX_LIBRARY = "libc++";
				CLANG_ENABLE_MODULES = YES;
				CLANG_ENABLE_OBJC_ARC = YES;
				CLANG_WARN_BLOCK_CAPTURE_AUTORELEASING = YES;
				CLANG_WARN_BOOL_CONVERSION = YES;
				CLANG_WARN_COMMA = YES;
				CLANG_WARN_CONSTANT_CONVERSION = YES;
				CLANG_WARN_DEPRECATED_OBJC_IMPLEMENTATIONS = YES;
				CLANG_WARN_DIRECT_OBJC_ISA_USAGE = YES_ERROR;
				CLANG_WARN_EMPTY_BODY = YES;
				CLANG_WARN_ENUM_CONVERSION = YES;
				CLANG_WARN_INFINITE_RECURSION = YES;
				CLANG_WARN_INT_CONVERSION = YES;
				CLANG_WARN_NON_LITERAL_NULL_CONVERSION = YES;
				CLANG_WARN_OBJC_IMPLICIT_RETAIN_SELF = YES;
				CLANG_WARN_OBJC_LITERAL_CONVERSION = YES;
				CLANG_WARN_OBJC_ROOT_CLASS = YES_ERROR;
				CLANG_WARN_QUOTED_INCLUDE_IN_FRAMEWORK_HEADER = YES;
				CLANG_WARN_RANGE_LOOP_ANALYSIS = YES;
				CLANG_WARN_STRICT_PROTOTYPES = YES;
				CLANG_WARN_SUSPICIOUS_MOVE = YES;
				CLANG_WARN_UNREACHABLE_CODE = YES;
				CLANG_WARN__DUPLICATE_METHOD_MATCH = YES;
				"CODE_SIGN_IDENTITY[sdk=iphoneos*]" = "iPhone Developer";
				COPY_PHASE_STRIP = NO;
				ENABLE_STRICT_OBJC_MSGSEND = YES;
				ENABLE_TESTABILITY = YES;
				GCC_C_LANGUAGE_STANDARD = gnu99;
				GCC_DYNAMIC_NO_PIC = NO;
				GCC_NO_COMMON_BLOCKS = YES;
				GCC_OPTIMIZATION_LEVEL = 0;
				GCC_PREPROCESSOR_DEFINITIONS = (
					"DEBUG=1",
					"$(inherited)",
				);
				GCC_SYMBOLS_PRIVATE_EXTERN = NO;
				GCC_WARN_64_TO_32_BIT_CONVERSION = YES;
				GCC_WARN_ABOUT_RETURN_TYPE = YES_ERROR;
				GCC_WARN_UNDECLARED_SELECTOR = YES;
				GCC_WARN_UNINITIALIZED_AUTOS = YES_AGGRESSIVE;
				GCC_WARN_UNUSED_FUNCTION = YES;
				GCC_WARN_UNUSED_VARIABLE = YES;
				IPHONEOS_DEPLOYMENT_TARGET = 11.0;
				LD_RUNPATH_SEARCH_PATHS = (
					/usr/lib/swift,
					"$(inherited)",
				);
				LIBRARY_SEARCH_PATHS = (
					"\"$(SDKROOT)/usr/lib/swift\"",
					"\"$(TOOLCHAIN_DIR)/usr/lib/swift/$(PLATFORM_NAME)\"",
					"\"$(TOOLCHAIN_DIR)/usr/lib/swift-5.0/$(PLATFORM_NAME)\"",
					"\"$(inherited)\"",
				);
				MTL_ENABLE_DEBUG_INFO = YES;
				ONLY_ACTIVE_ARCH = YES;
				SDKROOT = iphoneos;
			};
			name = Debug;
		};
		83CBBA211A601CBA00E9B192 /* Release */ = {
			isa = XCBuildConfiguration;
			buildSettings = {
				ALWAYS_SEARCH_USER_PATHS = NO;
				CLANG_ANALYZER_LOCALIZABILITY_NONLOCALIZED = YES;
				CLANG_CXX_LANGUAGE_STANDARD = "gnu++0x";
				CLANG_CXX_LIBRARY = "libc++";
				CLANG_ENABLE_MODULES = YES;
				CLANG_ENABLE_OBJC_ARC = YES;
				CLANG_WARN_BLOCK_CAPTURE_AUTORELEASING = YES;
				CLANG_WARN_BOOL_CONVERSION = YES;
				CLANG_WARN_COMMA = YES;
				CLANG_WARN_CONSTANT_CONVERSION = YES;
				CLANG_WARN_DEPRECATED_OBJC_IMPLEMENTATIONS = YES;
				CLANG_WARN_DIRECT_OBJC_ISA_USAGE = YES_ERROR;
				CLANG_WARN_EMPTY_BODY = YES;
				CLANG_WARN_ENUM_CONVERSION = YES;
				CLANG_WARN_INFINITE_RECURSION = YES;
				CLANG_WARN_INT_CONVERSION = YES;
				CLANG_WARN_NON_LITERAL_NULL_CONVERSION = YES;
				CLANG_WARN_OBJC_IMPLICIT_RETAIN_SELF = YES;
				CLANG_WARN_OBJC_LITERAL_CONVERSION = YES;
				CLANG_WARN_OBJC_ROOT_CLASS = YES_ERROR;
				CLANG_WARN_QUOTED_INCLUDE_IN_FRAMEWORK_HEADER = YES;
				CLANG_WARN_RANGE_LOOP_ANALYSIS = YES;
				CLANG_WARN_STRICT_PROTOTYPES = YES;
				CLANG_WARN_SUSPICIOUS_MOVE = YES;
				CLANG_WARN_UNREACHABLE_CODE = YES;
				CLANG_WARN__DUPLICATE_METHOD_MATCH = YES;
				"CODE_SIGN_IDENTITY[sdk=iphoneos*]" = "iPhone Developer";
				COPY_PHASE_STRIP = YES;
				ENABLE_NS_ASSERTIONS = NO;
				ENABLE_STRICT_OBJC_MSGSEND = YES;
				GCC_C_LANGUAGE_STANDARD = gnu99;
				GCC_NO_COMMON_BLOCKS = YES;
				GCC_WARN_64_TO_32_BIT_CONVERSION = YES;
				GCC_WARN_ABOUT_RETURN_TYPE = YES_ERROR;
				GCC_WARN_UNDECLARED_SELECTOR = YES;
				GCC_WARN_UNINITIALIZED_AUTOS = YES_AGGRESSIVE;
				GCC_WARN_UNUSED_FUNCTION = YES;
				GCC_WARN_UNUSED_VARIABLE = YES;
				IPHONEOS_DEPLOYMENT_TARGET = 11.0;
				LD_RUNPATH_SEARCH_PATHS = (
					/usr/lib/swift,
					"$(inherited)",
				);
				LIBRARY_SEARCH_PATHS = (
					"\"$(SDKROOT)/usr/lib/swift\"",
					"\"$(TOOLCHAIN_DIR)/usr/lib/swift/$(PLATFORM_NAME)\"",
					"\"$(TOOLCHAIN_DIR)/usr/lib/swift-5.0/$(PLATFORM_NAME)\"",
					"\"$(inherited)\"",
				);
				MTL_ENABLE_DEBUG_INFO = NO;
				SDKROOT = iphoneos;
				VALIDATE_PRODUCT = YES;
			};
			name = Release;
		};
/* End XCBuildConfiguration section */

/* Begin XCConfigurationList section */
		00E357021AD99517003FC87E /* Build configuration list for PBXNativeTarget "SafeZoneTests" */ = {
			isa = XCConfigurationList;
			buildConfigurations = (
				00E356F61AD99517003FC87E /* Debug */,
				00E356F71AD99517003FC87E /* Release */,
			);
			defaultConfigurationIsVisible = 0;
			defaultConfigurationName = Release;
		};
		13B07F931A680F5B00A75B9A /* Build configuration list for PBXNativeTarget "SafeZone" */ = {
			isa = XCConfigurationList;
			buildConfigurations = (
				13B07F941A680F5B00A75B9A /* Debug */,
				13B07F951A680F5B00A75B9A /* Release */,
			);
			defaultConfigurationIsVisible = 0;
			defaultConfigurationName = Release;
		};
		83CBB9FA1A601CBA00E9B192 /* Build configuration list for PBXProject "SafeZone" */ = {
			isa = XCConfigurationList;
			buildConfigurations = (
				83CBBA201A601CBA00E9B192 /* Debug */,
				83CBBA211A601CBA00E9B192 /* Release */,
			);
			defaultConfigurationIsVisible = 0;
			defaultConfigurationName = Release;
		};
/* End XCConfigurationList section */
	};
	rootObject = 83CBB9F71A601CBA00E9B192 /* Project object */;
}
